
Microsoft Visual Studio Solution File, Format Version 12.00
# Visual Studio Version 17
VisualStudioVersion = 17.1.32210.238
MinimumVisualStudioVersion = 10.0.40219.1
Project("{FAE04EC0-301F-11D3-BF4B-00C04F79EFBC}") = "RentACar", "RentACar\RentACar.csproj", "{C0D017F8-30A3-4670-ACFA-6E404C225356}"
EndProject
Global
	GlobalSection(SolutionConfigurationPlatforms) = preSolution
		Debug|Any CPU = Debug|Any CPU
		Release|Any CPU = Release|Any CPU
	EndGlobalSection
	GlobalSection(ProjectConfigurationPlatforms) = postSolution
		{C0D017F8-30A3-4670-ACFA-6E404C225356}.Debug|Any CPU.ActiveCfg = Debug|Any CPU
		{C0D017F8-30A3-4670-ACFA-6E404C225356}.Debug|Any CPU.Build.0 = Debug|Any CPU
		{C0D017F8-30A3-4670-ACFA-6E404C225356}.Release|Any CPU.ActiveCfg = Release|Any CPU
		{C0D017F8-30A3-4670-ACFA-6E404C225356}.Release|Any CPU.Build.0 = Release|Any CPU
	EndGlobalSection
	GlobalSection(SolutionProperties) = preSolution
		HideSolutionNode = FALSE
	EndGlobalSection
	GlobalSection(ExtensibilityGlobals) = postSolution
		SolutionGuid = {F71BCFD6-AD28-4143-A50A-AEA9D2407605}
	EndGlobalSection
EndGlobal
